
Microsoft Visual Studio Solution File, Format Version 12.00
# Visual Studio Version 16
VisualStudioVersion = 16.0.30907.101
MinimumVisualStudioVersion = 10.0.40219.1
Project("{9A19103F-16F7-4668-BE54-9A1E7A4F7556}") = "FunctionalDotNet", "FunctionalDotNet\FunctionalDotNet.csproj", "{C2128681-2EDC-40C9-997D-83EEDD67568A}"
EndProject
Project("{9A19103F-16F7-4668-BE54-9A1E7A4F7556}") = "FunctionalDotNet.Tests", "FunctionalDotNet.Tests\FunctionalDotNet.Tests.csproj", "{1A2D5639-FEEB-4A0A-93CA-25659B89395E}"
EndProject
Project("{2150E333-8FDC-42A3-9474-1A3956D46DE8}") = "Solution Items", "Solution Items", "{72B23C99-4765-43E0-98F3-AA15B807364E}"
	ProjectSection(SolutionItems) = preProject
		README.md = README.md
	EndProjectSection
EndProject
Project("{9A19103F-16F7-4668-BE54-9A1E7A4F7556}") = "FunctionalDotNet.Examples", "FunctionalDotNet.Examples\FunctionalDotNet.Examples.csproj", "{156BF0AF-B268-47AC-B282-7DADB8F4C9C4}"
EndProject
Project("{FAE04EC0-301F-11D3-BF4B-00C04F79EFBC}") = "CodeGen", "CodeGen\CodeGen.csproj", "{EE44ABD0-0183-4BFF-8B8A-B8CBC6C6C669}"
EndProject
Global
	GlobalSection(SolutionConfigurationPlatforms) = preSolution
		Debug|Any CPU = Debug|Any CPU
		Release|Any CPU = Release|Any CPU
	EndGlobalSection
	GlobalSection(ProjectConfigurationPlatforms) = postSolution
		{C2128681-2EDC-40C9-997D-83EEDD67568A}.Debug|Any CPU.ActiveCfg = Debug|Any CPU
		{C2128681-2EDC-40C9-997D-83EEDD67568A}.Debug|Any CPU.Build.0 = Debug|Any CPU
		{C2128681-2EDC-40C9-997D-83EEDD67568A}.Release|Any CPU.ActiveCfg = Release|Any CPU
		{C2128681-2EDC-40C9-997D-83EEDD67568A}.Release|Any CPU.Build.0 = Release|Any CPU
		{1A2D5639-FEEB-4A0A-93CA-25659B89395E}.Debug|Any CPU.ActiveCfg = Debug|Any CPU
		{1A2D5639-FEEB-4A0A-93CA-25659B89395E}.Debug|Any CPU.Build.0 = Debug|Any CPU
		{1A2D5639-FEEB-4A0A-93CA-25659B89395E}.Release|Any CPU.ActiveCfg = Release|Any CPU
		{1A2D5639-FEEB-4A0A-93CA-25659B89395E}.Release|Any CPU.Build.0 = Release|Any CPU
		{156BF0AF-B268-47AC-B282-7DADB8F4C9C4}.Debug|Any CPU.ActiveCfg = Debug|Any CPU
		{156BF0AF-B268-47AC-B282-7DADB8F4C9C4}.Debug|Any CPU.Build.0 = Debug|Any CPU
		{156BF0AF-B268-47AC-B282-7DADB8F4C9C4}.Release|Any CPU.ActiveCfg = Release|Any CPU
		{156BF0AF-B268-47AC-B282-7DADB8F4C9C4}.Release|Any CPU.Build.0 = Release|Any CPU
		{EE44ABD0-0183-4BFF-8B8A-B8CBC6C6C669}.Debug|Any CPU.ActiveCfg = Debug|Any CPU
		{EE44ABD0-0183-4BFF-8B8A-B8CBC6C6C669}.Debug|Any CPU.Build.0 = Debug|Any CPU
		{EE44ABD0-0183-4BFF-8B8A-B8CBC6C6C669}.Release|Any CPU.ActiveCfg = Release|Any CPU
		{EE44ABD0-0183-4BFF-8B8A-B8CBC6C6C669}.Release|Any CPU.Build.0 = Release|Any CPU
	EndGlobalSection
	GlobalSection(SolutionProperties) = preSolution
		HideSolutionNode = FALSE
	EndGlobalSection
	GlobalSection(NestedProjects) = preSolution
		{EE44ABD0-0183-4BFF-8B8A-B8CBC6C6C669} = {72B23C99-4765-43E0-98F3-AA15B807364E}
	EndGlobalSection
	GlobalSection(ExtensibilityGlobals) = postSolution
		SolutionGuid = {F0BD1B87-2512-40EA-9008-A2F38C3F471A}
	EndGlobalSection
EndGlobal
